// !$*UTF8*$!
{
	archiveVersion = 1;
	classes = {
	};
	objectVersion = 46;
	objects = {

/* Begin PBXBuildFile section */
		7D7B55621C0DD550004311A6 /* TwoPlayerScene.swift in Sources */ = {isa = PBXBuildFile; fileRef = 7D7B55601C0DD550004311A6 /* TwoPlayerScene.swift */; };
		7D7B55631C0DD550004311A6 /* TwoPlayerViewController.swift in Sources */ = {isa = PBXBuildFile; fileRef = 7D7B55611C0DD550004311A6 /* TwoPlayerViewController.swift */; };
		7D93332D1C0C59EF007F7861 /* AppDelegate.swift in Sources */ = {isa = PBXBuildFile; fileRef = 7D93332C1C0C59EF007F7861 /* AppDelegate.swift */; };
		7D9333361C0C59EF007F7861 /* Main.storyboard in Resources */ = {isa = PBXBuildFile; fileRef = 7D9333341C0C59EF007F7861 /* Main.storyboard */; };
		7D9333381C0C59EF007F7861 /* Assets.xcassets in Resources */ = {isa = PBXBuildFile; fileRef = 7D9333371C0C59EF007F7861 /* Assets.xcassets */; };
		7D93333B1C0C59EF007F7861 /* LaunchScreen.storyboard in Resources */ = {isa = PBXBuildFile; fileRef = 7D9333391C0C59EF007F7861 /* LaunchScreen.storyboard */; };
		7D9333461C0C59EF007F7861 /* Connect_Four_AdvanceTests.swift in Sources */ = {isa = PBXBuildFile; fileRef = 7D9333451C0C59EF007F7861 /* Connect_Four_AdvanceTests.swift */; };
		7D9333511C0C59EF007F7861 /* Connect_Four_AdvanceUITests.swift in Sources */ = {isa = PBXBuildFile; fileRef = 7D9333501C0C59EF007F7861 /* Connect_Four_AdvanceUITests.swift */; };
		7D93335F1C0C5B5D007F7861 /* MenuViewController.swift in Sources */ = {isa = PBXBuildFile; fileRef = 7D93335E1C0C5B5D007F7861 /* MenuViewController.swift */; };
		7DD6DDD11C1A279200D57F7B /* GamePlay.swift in Sources */ = {isa = PBXBuildFile; fileRef = 7DD6DDD01C1A279200D57F7B /* GamePlay.swift */; };
		C22AB8C11C1B731200FA76D6 /* LeaderBoard.xcdatamodeld in Sources */ = {isa = PBXBuildFile; fileRef = C22AB8BF1C1B731200FA76D6 /* LeaderBoard.xcdatamodeld */; };
		C22AB8C31C1B753D00FA76D6 /* LeaderBoard.swift in Sources */ = {isa = PBXBuildFile; fileRef = C22AB8C21C1B753D00FA76D6 /* LeaderBoard.swift */; };
		C2B70AF41C0DEB6900390E48 /* IsValidMove.swift in Sources */ = {isa = PBXBuildFile; fileRef = C2B70AF31C0DEB6900390E48 /* IsValidMove.swift */; };
		C2B70AF61C0E0B4C00390E48 /* GameStatus.swift in Sources */ = {isa = PBXBuildFile; fileRef = C2B70AF51C0E0B4C00390E48 /* GameStatus.swift */; };
		C2B70AF81C0E17D900390E48 /* Ai.swift in Sources */ = {isa = PBXBuildFile; fileRef = C2B70AF71C0E17D900390E48 /* Ai.swift */; };
		C2F409351C0C9B6D00A235A3 /* SinglePlayerViewController.swift in Sources */ = {isa = PBXBuildFile; fileRef = C2F409341C0C9B6D00A235A3 /* SinglePlayerViewController.swift */; };
		C2F409371C0C9D8300A235A3 /* SinglePlayerScene.swift in Sources */ = {isa = PBXBuildFile; fileRef = C2F409361C0C9D8300A235A3 /* SinglePlayerScene.swift */; };
/* End PBXBuildFile section */

/* Begin PBXContainerItemProxy section */
		7D9333421C0C59EF007F7861 /* PBXContainerItemProxy */ = {
			isa = PBXContainerItemProxy;
			containerPortal = 7D9333211C0C59EF007F7861 /* Project object */;
			proxyType = 1;
			remoteGlobalIDString = 7D9333281C0C59EF007F7861;
			remoteInfo = "Connect Four Advance";
		};
		7D93334D1C0C59EF007F7861 /* PBXContainerItemProxy */ = {
			isa = PBXContainerItemProxy;
			containerPortal = 7D9333211C0C59EF007F7861 /* Project object */;
			proxyType = 1;
			remoteGlobalIDString = 7D9333281C0C59EF007F7861;
			remoteInfo = "Connect Four Advance";
		};
/* End PBXContainerItemProxy section */

/* Begin PBXFileReference section */
		7D7B55601C0DD550004311A6 /* TwoPlayerScene.swift */ = {isa = PBXFileReference; fileEncoding = 4; lastKnownFileType = sourcecode.swift; path = TwoPlayerScene.swift; sourceTree = "<group>"; };
		7D7B55611C0DD550004311A6 /* TwoPlayerViewController.swift */ = {isa = PBXFileReference; fileEncoding = 4; lastKnownFileType = sourcecode.swift; path = TwoPlayerViewController.swift; sourceTree = "<group>"; };
		7D9333291C0C59EF007F7861 /* Connect Four Advance.app */ = {isa = PBXFileReference; explicitFileType = wrapper.application; includeInIndex = 0; path = "Connect Four Advance.app"; sourceTree = BUILT_PRODUCTS_DIR; };
		7D93332C1C0C59EF007F7861 /* AppDelegate.swift */ = {isa = PBXFileReference; lastKnownFileType = sourcecode.swift; path = AppDelegate.swift; sourceTree = "<group>"; };
		7D9333351C0C59EF007F7861 /* Base */ = {isa = PBXFileReference; lastKnownFileType = file.storyboard; name = Base; path = Base.lproj/Main.storyboard; sourceTree = "<group>"; };
		7D9333371C0C59EF007F7861 /* Assets.xcassets */ = {isa = PBXFileReference; lastKnownFileType = folder.assetcatalog; path = Assets.xcassets; sourceTree = "<group>"; };
		7D93333A1C0C59EF007F7861 /* Base */ = {isa = PBXFileReference; lastKnownFileType = file.storyboard; name = Base; path = Base.lproj/LaunchScreen.storyboard; sourceTree = "<group>"; };
		7D93333C1C0C59EF007F7861 /* Info.plist */ = {isa = PBXFileReference; lastKnownFileType = text.plist.xml; path = Info.plist; sourceTree = "<group>"; };
		7D9333411C0C59EF007F7861 /* Connect Four AdvanceTests.xctest */ = {isa = PBXFileReference; explicitFileType = wrapper.cfbundle; includeInIndex = 0; path = "Connect Four AdvanceTests.xctest"; sourceTree = BUILT_PRODUCTS_DIR; };
		7D9333451C0C59EF007F7861 /* Connect_Four_AdvanceTests.swift */ = {isa = PBXFileReference; lastKnownFileType = sourcecode.swift; path = Connect_Four_AdvanceTests.swift; sourceTree = "<group>"; };
		7D9333471C0C59EF007F7861 /* Info.plist */ = {isa = PBXFileReference; lastKnownFileType = text.plist.xml; path = Info.plist; sourceTree = "<group>"; };
		7D93334C1C0C59EF007F7861 /* Connect Four AdvanceUITests.xctest */ = {isa = PBXFileReference; explicitFileType = wrapper.cfbundle; includeInIndex = 0; path = "Connect Four AdvanceUITests.xctest"; sourceTree = BUILT_PRODUCTS_DIR; };
		7D9333501C0C59EF007F7861 /* Connect_Four_AdvanceUITests.swift */ = {isa = PBXFileReference; lastKnownFileType = sourcecode.swift; path = Connect_Four_AdvanceUITests.swift; sourceTree = "<group>"; };
		7D9333521C0C59EF007F7861 /* Info.plist */ = {isa = PBXFileReference; lastKnownFileType = text.plist.xml; path = Info.plist; sourceTree = "<group>"; };
		7D93335E1C0C5B5D007F7861 /* MenuViewController.swift */ = {isa = PBXFileReference; fileEncoding = 4; lastKnownFileType = sourcecode.swift; path = MenuViewController.swift; sourceTree = "<group>"; };
		7DD6DDD01C1A279200D57F7B /* GamePlay.swift */ = {isa = PBXFileReference; fileEncoding = 4; lastKnownFileType = sourcecode.swift; path = GamePlay.swift; sourceTree = "<group>"; };
		C22AB8C01C1B731200FA76D6 /* LeaderBoard.xcdatamodel */ = {isa = PBXFileReference; lastKnownFileType = wrapper.xcdatamodel; path = LeaderBoard.xcdatamodel; sourceTree = "<group>"; };
		C22AB8C21C1B753D00FA76D6 /* LeaderBoard.swift */ = {isa = PBXFileReference; fileEncoding = 4; lastKnownFileType = sourcecode.swift; path = LeaderBoard.swift; sourceTree = "<group>"; };
		C2B70AF31C0DEB6900390E48 /* IsValidMove.swift */ = {isa = PBXFileReference; fileEncoding = 4; lastKnownFileType = sourcecode.swift; path = IsValidMove.swift; sourceTree = "<group>"; };
		C2B70AF51C0E0B4C00390E48 /* GameStatus.swift */ = {isa = PBXFileReference; fileEncoding = 4; lastKnownFileType = sourcecode.swift; path = GameStatus.swift; sourceTree = "<group>"; };
		C2B70AF71C0E17D900390E48 /* Ai.swift */ = {isa = PBXFileReference; fileEncoding = 4; lastKnownFileType = sourcecode.swift; path = Ai.swift; sourceTree = "<group>"; };
		C2F409341C0C9B6D00A235A3 /* SinglePlayerViewController.swift */ = {isa = PBXFileReference; fileEncoding = 4; lastKnownFileType = sourcecode.swift; path = SinglePlayerViewController.swift; sourceTree = "<group>"; };
		C2F409361C0C9D8300A235A3 /* SinglePlayerScene.swift */ = {isa = PBXFileReference; fileEncoding = 4; lastKnownFileType = sourcecode.swift; path = SinglePlayerScene.swift; sourceTree = "<group>"; };
/* End PBXFileReference section */

/* Begin PBXFrameworksBuildPhase section */
		7D9333261C0C59EF007F7861 /* Frameworks */ = {
			isa = PBXFrameworksBuildPhase;
			buildActionMask = 2147483647;
			files = (
			);
			runOnlyForDeploymentPostprocessing = 0;
		};
		7D93333E1C0C59EF007F7861 /* Frameworks */ = {
			isa = PBXFrameworksBuildPhase;
			buildActionMask = 2147483647;
			files = (
			);
			runOnlyForDeploymentPostprocessing = 0;
		};
		7D9333491C0C59EF007F7861 /* Frameworks */ = {
			isa = PBXFrameworksBuildPhase;
			buildActionMask = 2147483647;
			files = (
			);
			runOnlyForDeploymentPostprocessing = 0;
		};
/* End PBXFrameworksBuildPhase section */

/* Begin PBXGroup section */
		7D9333201C0C59EF007F7861 = {
			isa = PBXGroup;
			children = (
				7D93332B1C0C59EF007F7861 /* Connect Four Advance */,
				7D9333441C0C59EF007F7861 /* Connect Four AdvanceTests */,
				7D93334F1C0C59EF007F7861 /* Connect Four AdvanceUITests */,
				7D93332A1C0C59EF007F7861 /* Products */,
			);
			sourceTree = "<group>";
		};
		7D93332A1C0C59EF007F7861 /* Products */ = {
			isa = PBXGroup;
			children = (
				7D9333291C0C59EF007F7861 /* Connect Four Advance.app */,
				7D9333411C0C59EF007F7861 /* Connect Four AdvanceTests.xctest */,
				7D93334C1C0C59EF007F7861 /* Connect Four AdvanceUITests.xctest */,
			);
			name = Products;
			sourceTree = "<group>";
		};
		7D93332B1C0C59EF007F7861 /* Connect Four Advance */ = {
			isa = PBXGroup;
			children = (
				7D9333691C0C5F6C007F7861 /* TwoPlayer */,
				7D9333661C0C5E62007F7861 /* SinglePlayer */,
				7D93332C1C0C59EF007F7861 /* AppDelegate.swift */,
				C22AB8BF1C1B731200FA76D6 /* LeaderBoard.xcdatamodeld */,
				7D9333341C0C59EF007F7861 /* Main.storyboard */,
				7D93335E1C0C5B5D007F7861 /* MenuViewController.swift */,
				7D9333371C0C59EF007F7861 /* Assets.xcassets */,
				7D9333391C0C59EF007F7861 /* LaunchScreen.storyboard */,
				7D93333C1C0C59EF007F7861 /* Info.plist */,
			);
			path = "Connect Four Advance";
			sourceTree = "<group>";
		};
		7D9333441C0C59EF007F7861 /* Connect Four AdvanceTests */ = {
			isa = PBXGroup;
			children = (
				7D9333451C0C59EF007F7861 /* Connect_Four_AdvanceTests.swift */,
				7D9333471C0C59EF007F7861 /* Info.plist */,
			);
			path = "Connect Four AdvanceTests";
			sourceTree = "<group>";
		};
		7D93334F1C0C59EF007F7861 /* Connect Four AdvanceUITests */ = {
			isa = PBXGroup;
			children = (
				7D9333501C0C59EF007F7861 /* Connect_Four_AdvanceUITests.swift */,
				7D9333521C0C59EF007F7861 /* Info.plist */,
			);
			path = "Connect Four AdvanceUITests";
			sourceTree = "<group>";
		};
		7D9333661C0C5E62007F7861 /* SinglePlayer */ = {
			isa = PBXGroup;
			children = (
				C2B70AF31C0DEB6900390E48 /* IsValidMove.swift */,
				C2F409341C0C9B6D00A235A3 /* SinglePlayerViewController.swift */,
				C2F409361C0C9D8300A235A3 /* SinglePlayerScene.swift */,
				C2B70AF51C0E0B4C00390E48 /* GameStatus.swift */,
				C2B70AF71C0E17D900390E48 /* Ai.swift */,
				C22AB8C21C1B753D00FA76D6 /* LeaderBoard.swift */,
			);
			name = SinglePlayer;
			sourceTree = "<group>";
		};
		7D9333691C0C5F6C007F7861 /* TwoPlayer */ = {
			isa = PBXGroup;
			children = (
				7D7B55601C0DD550004311A6 /* TwoPlayerScene.swift */,
				7D7B55611C0DD550004311A6 /* TwoPlayerViewController.swift */,
				7DD6DDD01C1A279200D57F7B /* GamePlay.swift */,
			);
			name = TwoPlayer;
			sourceTree = "<group>";
		};
/* End PBXGroup section */

/* Begin PBXNativeTarget section */
		7D9333281C0C59EF007F7861 /* Connect Four Advance */ = {
			isa = PBXNativeTarget;
			buildConfigurationList = 7D9333551C0C59EF007F7861 /* Build configuration list for PBXNativeTarget "Connect Four Advance" */;
			buildPhases = (
				7D9333251C0C59EF007F7861 /* Sources */,
				7D9333261C0C59EF007F7861 /* Frameworks */,
				7D9333271C0C59EF007F7861 /* Resources */,
			);
			buildRules = (
			);
			dependencies = (
			);
			name = "Connect Four Advance";
			productName = "Connect Four Advance";
			productReference = 7D9333291C0C59EF007F7861 /* Connect Four Advance.app */;
			productType = "com.apple.product-type.application";
		};
		7D9333401C0C59EF007F7861 /* Connect Four AdvanceTests */ = {
			isa = PBXNativeTarget;
			buildConfigurationList = 7D9333581C0C59EF007F7861 /* Build configuration list for PBXNativeTarget "Connect Four AdvanceTests" */;
			buildPhases = (
				7D93333D1C0C59EF007F7861 /* Sources */,
				7D93333E1C0C59EF007F7861 /* Frameworks */,
				7D93333F1C0C59EF007F7861 /* Resources */,
			);
			buildRules = (
			);
			dependencies = (
				7D9333431C0C59EF007F7861 /* PBXTargetDependency */,
			);
			name = "Connect Four AdvanceTests";
			productName = "Connect Four AdvanceTests";
			productReference = 7D9333411C0C59EF007F7861 /* Connect Four AdvanceTests.xctest */;
			productType = "com.apple.product-type.bundle.unit-test";
		};
		7D93334B1C0C59EF007F7861 /* Connect Four AdvanceUITests */ = {
			isa = PBXNativeTarget;
			buildConfigurationList = 7D93335B1C0C59EF007F7861 /* Build configuration list for PBXNativeTarget "Connect Four AdvanceUITests" */;
			buildPhases = (
				7D9333481C0C59EF007F7861 /* Sources */,
				7D9333491C0C59EF007F7861 /* Frameworks */,
				7D93334A1C0C59EF007F7861 /* Resources */,
			);
			buildRules = (
			);
			dependencies = (
				7D93334E1C0C59EF007F7861 /* PBXTargetDependency */,
			);
			name = "Connect Four AdvanceUITests";
			productName = "Connect Four AdvanceUITests";
			productReference = 7D93334C1C0C59EF007F7861 /* Connect Four AdvanceUITests.xctest */;
			productType = "com.apple.product-type.bundle.ui-testing";
		};
/* End PBXNativeTarget section */

/* Begin PBXProject section */
		7D9333211C0C59EF007F7861 /* Project object */ = {
			isa = PBXProject;
			attributes = {
				LastSwiftUpdateCheck = 0710;
				LastUpgradeCheck = 0710;
				ORGANIZATIONNAME = DanAndJamie;
				TargetAttributes = {
					7D9333281C0C59EF007F7861 = {
						CreatedOnToolsVersion = 7.1.1;
						DevelopmentTeam = SJTK5DDR9C;
					};
					7D9333401C0C59EF007F7861 = {
						CreatedOnToolsVersion = 7.1.1;
						DevelopmentTeam = SJTK5DDR9C;
						TestTargetID = 7D9333281C0C59EF007F7861;
					};
					7D93334B1C0C59EF007F7861 = {
						CreatedOnToolsVersion = 7.1.1;
						DevelopmentTeam = SJTK5DDR9C;
						TestTargetID = 7D9333281C0C59EF007F7861;
					};
				};
			};
			buildConfigurationList = 7D9333241C0C59EF007F7861 /* Build configuration list for PBXProject "Connect Four Advance" */;
			compatibilityVersion = "Xcode 3.2";
			developmentRegion = English;
			hasScannedForEncodings = 0;
			knownRegions = (
				en,
				Base,
			);
			mainGroup = 7D9333201C0C59EF007F7861;
			productRefGroup = 7D93332A1C0C59EF007F7861 /* Products */;
			projectDirPath = "";
			projectRoot = "";
			targets = (
				7D9333281C0C59EF007F7861 /* Connect Four Advance */,
				7D9333401C0C59EF007F7861 /* Connect Four AdvanceTests */,
				7D93334B1C0C59EF007F7861 /* Connect Four AdvanceUITests */,
			);
		};
/* End PBXProject section */

/* Begin PBXResourcesBuildPhase section */
		7D9333271C0C59EF007F7861 /* Resources */ = {
			isa = PBXResourcesBuildPhase;
			buildActionMask = 2147483647;
			files = (
				7D93333B1C0C59EF007F7861 /* LaunchScreen.storyboard in Resources */,
				7D9333381C0C59EF007F7861 /* Assets.xcassets in Resources */,
				7D9333361C0C59EF007F7861 /* Main.storyboard in Resources */,
			);
			runOnlyForDeploymentPostprocessing = 0;
		};
		7D93333F1C0C59EF007F7861 /* Resources */ = {
			isa = PBXResourcesBuildPhase;
			buildActionMask = 2147483647;
			files = (
			);
			runOnlyForDeploymentPostprocessing = 0;
		};
		7D93334A1C0C59EF007F7861 /* Resources */ = {
			isa = PBXResourcesBuildPhase;
			buildActionMask = 2147483647;
			files = (
			);
			runOnlyForDeploymentPostprocessing = 0;
		};
/* End PBXResourcesBuildPhase section */

/* Begin PBXSourcesBuildPhase section */
		7D9333251C0C59EF007F7861 /* Sources */ = {
			isa = PBXSourcesBuildPhase;
			buildActionMask = 2147483647;
			files = (
				7D7B55621C0DD550004311A6 /* TwoPlayerScene.swift in Sources */,
				C22AB8C31C1B753D00FA76D6 /* LeaderBoard.swift in Sources */,
				C2B70AF61C0E0B4C00390E48 /* GameStatus.swift in Sources */,
				C2B70AF81C0E17D900390E48 /* Ai.swift in Sources */,
				C2B70AF41C0DEB6900390E48 /* IsValidMove.swift in Sources */,
				C2F409371C0C9D8300A235A3 /* SinglePlayerScene.swift in Sources */,
				7DD6DDD11C1A279200D57F7B /* GamePlay.swift in Sources */,
				C2F409351C0C9B6D00A235A3 /* SinglePlayerViewController.swift in Sources */,
				7D93332D1C0C59EF007F7861 /* AppDelegate.swift in Sources */,
				C22AB8C11C1B731200FA76D6 /* LeaderBoard.xcdatamodeld in Sources */,
				7D7B55631C0DD550004311A6 /* TwoPlayerViewController.swift in Sources */,
				7D93335F1C0C5B5D007F7861 /* MenuViewController.swift in Sources */,
			);
			runOnlyForDeploymentPostprocessing = 0;
		};
		7D93333D1C0C59EF007F7861 /* Sources */ = {
			isa = PBXSourcesBuildPhase;
			buildActionMask = 2147483647;
			files = (
				7D9333461C0C59EF007F7861 /* Connect_Four_AdvanceTests.swift in Sources */,
			);
			runOnlyForDeploymentPostprocessing = 0;
		};
		7D9333481C0C59EF007F7861 /* Sources */ = {
			isa = PBXSourcesBuildPhase;
			buildActionMask = 2147483647;
			files = (
				7D9333511C0C59EF007F7861 /* Connect_Four_AdvanceUITests.swift in Sources */,
			);
			runOnlyForDeploymentPostprocessing = 0;
		};
/* End PBXSourcesBuildPhase section */

/* Begin PBXTargetDependency section */
		7D9333431C0C59EF007F7861 /* PBXTargetDependency */ = {
			isa = PBXTargetDependency;
			target = 7D9333281C0C59EF007F7861 /* Connect Four Advance */;
			targetProxy = 7D9333421C0C59EF007F7861 /* PBXContainerItemProxy */;
		};
		7D93334E1C0C59EF007F7861 /* PBXTargetDependency */ = {
			isa = PBXTargetDependency;
			target = 7D9333281C0C59EF007F7861 /* Connect Four Advance */;
			targetProxy = 7D93334D1C0C59EF007F7861 /* PBXContainerItemProxy */;
		};
/* End PBXTargetDependency section */

/* Begin PBXVariantGroup section */
		7D9333341C0C59EF007F7861 /* Main.storyboard */ = {
			isa = PBXVariantGroup;
			children = (
				7D9333351C0C59EF007F7861 /* Base */,
			);
			name = Main.storyboard;
			sourceTree = "<group>";
		};
		7D9333391C0C59EF007F7861 /* LaunchScreen.storyboard */ = {
			isa = PBXVariantGroup;
			children = (
				7D93333A1C0C59EF007F7861 /* Base */,
			);
			name = LaunchScreen.storyboard;
			sourceTree = "<group>";
		};
/* End PBXVariantGroup section */

/* Begin XCBuildConfiguration section */
		7D9333531C0C59EF007F7861 /* Debug */ = {
			isa = XCBuildConfiguration;
			buildSettings = {
				ALWAYS_SEARCH_USER_PATHS = NO;
				CLANG_CXX_LANGUAGE_STANDARD = "gnu++0x";
				CLANG_CXX_LIBRARY = "libc++";
				CLANG_ENABLE_MODULES = YES;
				CLANG_ENABLE_OBJC_ARC = YES;
				CLANG_WARN_BOOL_CONVERSION = YES;
				CLANG_WARN_CONSTANT_CONVERSION = YES;
				CLANG_WARN_DIRECT_OBJC_ISA_USAGE = YES_ERROR;
				CLANG_WARN_EMPTY_BODY = YES;
				CLANG_WARN_ENUM_CONVERSION = YES;
				CLANG_WARN_INT_CONVERSION = YES;
				CLANG_WARN_OBJC_ROOT_CLASS = YES_ERROR;
				CLANG_WARN_UNREACHABLE_CODE = YES;
				CLANG_WARN__DUPLICATE_METHOD_MATCH = YES;
				"CODE_SIGN_IDENTITY[sdk=iphoneos*]" = "iPhone Developer";
				COPY_PHASE_STRIP = NO;
				DEBUG_INFORMATION_FORMAT = "dwarf-with-dsym";
				ENABLE_STRICT_OBJC_MSGSEND = YES;
				ENABLE_TESTABILITY = YES;
				GCC_C_LANGUAGE_STANDARD = gnu99;
				GCC_DYNAMIC_NO_PIC = NO;
				GCC_NO_COMMON_BLOCKS = YES;
				GCC_OPTIMIZATION_LEVEL = 0;
				GCC_PREPROCESSOR_DEFINITIONS = (
					"DEBUG=1",
					"$(inherited)",
				);
				GCC_WARN_64_TO_32_BIT_CONVERSION = YES;
				GCC_WARN_ABOUT_RETURN_TYPE = YES_ERROR;
				GCC_WARN_UNDECLARED_SELECTOR = YES;
				GCC_WARN_UNINITIALIZED_AUTOS = YES_AGGRESSIVE;
				GCC_WARN_UNUSED_FUNCTION = YES;
				GCC_WARN_UNUSED_VARIABLE = YES;
				IPHONEOS_DEPLOYMENT_TARGET = 9.1;
				MTL_ENABLE_DEBUG_INFO = YES;
				ONLY_ACTIVE_ARCH = YES;
				SDKROOT = iphoneos;
				SWIFT_OPTIMIZATION_LEVEL = "-Onone";
				TARGETED_DEVICE_FAMILY = "1,2";
			};
			name = Debug;
		};
		7D9333541C0C59EF007F7861 /* Release */ = {
			isa = XCBuildConfiguration;
			buildSettings = {
				ALWAYS_SEARCH_USER_PATHS = NO;
				CLANG_CXX_LANGUAGE_STANDARD = "gnu++0x";
				CLANG_CXX_LIBRARY = "libc++";
				CLANG_ENABLE_MODULES = YES;
				CLANG_ENABLE_OBJC_ARC = YES;
				CLANG_WARN_BOOL_CONVERSION = YES;
				CLANG_WARN_CONSTANT_CONVERSION = YES;
				CLANG_WARN_DIRECT_OBJC_ISA_USAGE = YES_ERROR;
				CLANG_WARN_EMPTY_BODY = YES;
				CLANG_WARN_ENUM_CONVERSION = YES;
				CLANG_WARN_INT_CONVERSION = YES;
				CLANG_WARN_OBJC_ROOT_CLASS = YES_ERROR;
				CLANG_WARN_UNREACHABLE_CODE = YES;
				CLANG_WARN__DUPLICATE_METHOD_MATCH = YES;
				"CODE_SIGN_IDENTITY[sdk=iphoneos*]" = "iPhone Developer";
				COPY_PHASE_STRIP = NO;
				DEBUG_INFORMATION_FORMAT = "dwarf-with-dsym";
				ENABLE_NS_ASSERTIONS = NO;
				ENABLE_STRICT_OBJC_MSGSEND = YES;
				GCC_C_LANGUAGE_STANDARD = gnu99;
				GCC_NO_COMMON_BLOCKS = YES;
				GCC_WARN_64_TO_32_BIT_CONVERSION = YES;
				GCC_WARN_ABOUT_RETURN_TYPE = YES_ERROR;
				GCC_WARN_UNDECLARED_SELECTOR = YES;
				GCC_WARN_UNINITIALIZED_AUTOS = YES_AGGRESSIVE;
				GCC_WARN_UNUSED_FUNCTION = YES;
				GCC_WARN_UNUSED_VARIABLE = YES;
				IPHONEOS_DEPLOYMENT_TARGET = 9.1;
				MTL_ENABLE_DEBUG_INFO = NO;
				SDKROOT = iphoneos;
				TARGETED_DEVICE_FAMILY = "1,2";
				VALIDATE_PRODUCT = YES;
			};
			name = Release;
		};
		7D9333561C0C59EF007F7861 /* Debug */ = {
			isa = XCBuildConfiguration;
			buildSettings = {
				ASSETCATALOG_COMPILER_APPICON_NAME = AppIcon;
				INFOPLIST_FILE = "Connect Four Advance/Info.plist";
				LD_RUNPATH_SEARCH_PATHS = "$(inherited) @executable_path/Frameworks";
				PRODUCT_BUNDLE_IDENTIFIER = "com.DJ.ConnectFour.Connect-Four-Advance";
				PRODUCT_NAME = "$(TARGET_NAME)";
			};
			name = Debug;
		};
		7D9333571C0C59EF007F7861 /* Release */ = {
			isa = XCBuildConfiguration;
			buildSettings = {
				ASSETCATALOG_COMPILER_APPICON_NAME = AppIcon;
				INFOPLIST_FILE = "Connect Four Advance/Info.plist";
				LD_RUNPATH_SEARCH_PATHS = "$(inherited) @executable_path/Frameworks";
				PRODUCT_BUNDLE_IDENTIFIER = "com.DJ.ConnectFour.Connect-Four-Advance";
				PRODUCT_NAME = "$(TARGET_NAME)";
			};
			name = Release;
		};
		7D9333591C0C59EF007F7861 /* Debug */ = {
			isa = XCBuildConfiguration;
			buildSettings = {
				BUNDLE_LOADER = "$(TEST_HOST)";
				DEBUG_INFORMATION_FORMAT = dwarf;
				INFOPLIST_FILE = "Connect Four AdvanceTests/Info.plist";
				LD_RUNPATH_SEARCH_PATHS = "$(inherited) @executable_path/Frameworks @loader_path/Frameworks";
				PRODUCT_BUNDLE_IDENTIFIER = "com.DJ.ConnectFour.Connect-Four-AdvanceTests";
				PRODUCT_NAME = "$(TARGET_NAME)";
				TEST_HOST = "$(BUILT_PRODUCTS_DIR)/Connect Four Advance.app/Connect Four Advance";
			};
			name = Debug;
		};
		7D93335A1C0C59EF007F7861 /* Release */ = {
			isa = XCBuildConfiguration;
			buildSettings = {
				BUNDLE_LOADER = "$(TEST_HOST)";
				INFOPLIST_FILE = "Connect Four AdvanceTests/Info.plist";
				LD_RUNPATH_SEARCH_PATHS = "$(inherited) @executable_path/Frameworks @loader_path/Frameworks";
				PRODUCT_BUNDLE_IDENTIFIER = "com.DJ.ConnectFour.Connect-Four-AdvanceTests";
				PRODUCT_NAME = "$(TARGET_NAME)";
				TEST_HOST = "$(BUILT_PRODUCTS_DIR)/Connect Four Advance.app/Connect Four Advance";
			};
			name = Release;
		};
		7D93335C1C0C59EF007F7861 /* Debug */ = {
			isa = XCBuildConfiguration;
			buildSettings = {
				DEBUG_INFORMATION_FORMAT = dwarf;
				INFOPLIST_FILE = "Connect Four AdvanceUITests/Info.plist";
				LD_RUNPATH_SEARCH_PATHS = "$(inherited) @executable_path/Frameworks @loader_path/Frameworks";
				PRODUCT_BUNDLE_IDENTIFIER = "com.DJ.ConnectFour.Connect-Four-AdvanceUITests";
				PRODUCT_NAME = "$(TARGET_NAME)";
				TEST_TARGET_NAME = "Connect Four Advance";
				USES_XCTRUNNER = YES;
			};
			name = Debug;
		};
		7D93335D1C0C59EF007F7861 /* Release */ = {
			isa = XCBuildConfiguration;
			buildSettings = {
				INFOPLIST_FILE = "Connect Four AdvanceUITests/Info.plist";
				LD_RUNPATH_SEARCH_PATHS = "$(inherited) @executable_path/Frameworks @loader_path/Frameworks";
				PRODUCT_BUNDLE_IDENTIFIER = "com.DJ.ConnectFour.Connect-Four-AdvanceUITests";
				PRODUCT_NAME = "$(TARGET_NAME)";
				TEST_TARGET_NAME = "Connect Four Advance";
				USES_XCTRUNNER = YES;
			};
			name = Release;
		};
/* End XCBuildConfiguration section */

/* Begin XCConfigurationList section */
		7D9333241C0C59EF007F7861 /* Build configuration list for PBXProject "Connect Four Advance" */ = {
			isa = XCConfigurationList;
			buildConfigurations = (
				7D9333531C0C59EF007F7861 /* Debug */,
				7D9333541C0C59EF007F7861 /* Release */,
			);
			defaultConfigurationIsVisible = 0;
			defaultConfigurationName = Release;
		};
		7D9333551C0C59EF007F7861 /* Build configuration list for PBXNativeTarget "Connect Four Advance" */ = {
			isa = XCConfigurationList;
			buildConfigurations = (
				7D9333561C0C59EF007F7861 /* Debug */,
				7D9333571C0C59EF007F7861 /* Release */,
			);
			defaultConfigurationIsVisible = 0;
			defaultConfigurationName = Release;
		};
		7D9333581C0C59EF007F7861 /* Build configuration list for PBXNativeTarget "Connect Four AdvanceTests" */ = {
			isa = XCConfigurationList;
			buildConfigurations = (
				7D9333591C0C59EF007F7861 /* Debug */,
				7D93335A1C0C59EF007F7861 /* Release */,
			);
			defaultConfigurationIsVisible = 0;
			defaultConfigurationName = Release;
		};
		7D93335B1C0C59EF007F7861 /* Build configuration list for PBXNativeTarget "Connect Four AdvanceUITests" */ = {
			isa = XCConfigurationList;
			buildConfigurations = (
				7D93335C1C0C59EF007F7861 /* Debug */,
				7D93335D1C0C59EF007F7861 /* Release */,
			);
			defaultConfigurationIsVisible = 0;
			defaultConfigurationName = Release;
		};
/* End XCConfigurationList section */

/* Begin XCVersionGroup section */
		C22AB8BF1C1B731200FA76D6 /* LeaderBoard.xcdatamodeld */ = {
			isa = XCVersionGroup;
			children = (
				C22AB8C01C1B731200FA76D6 /* LeaderBoard.xcdatamodel */,
			);
			currentVersion = C22AB8C01C1B731200FA76D6 /* LeaderBoard.xcdatamodel */;
			path = LeaderBoard.xcdatamodeld;
			sourceTree = "<group>";
			versionGroupType = wrapper.xcdatamodel;
		};
/* End XCVersionGroup section */
	};
	rootObject = 7D9333211C0C59EF007F7861 /* Project object */;
}
